PODS:
  - Aardvark (3.4.1):
    - CoreAardvark (~> 2.0)
  - AttributedStringBuilder (1.1)
  - CoreAardvark (2.2.1)
  - MarqueeLabel/Swift (3.2.1)
  - NotificationBannerSwift (2.1.0):
    - MarqueeLabel/Swift (~> 3.2.1)
    - SnapKit (~> 4.2.0)
  - PureLayout (3.1.4)
  - R.swift (5.0.3):
    - R.swift.Library (~> 5.0.0)
  - R.swift.Library (5.0.1)
  - Realm (3.17.0):
    - Realm/Headers (= 3.17.0)
  - Realm/Headers (3.17.0)
  - RealmSwift (3.17.0):
    - Realm (= 3.17.0)
  - Reusable (4.1.0):
    - Reusable/Storyboard (= 4.1.0)
    - Reusable/View (= 4.1.0)
  - Reusable/Storyboard (4.1.0)
  - Reusable/View (4.1.0)
  - SkeletonView (1.7)
  - SnapKit (4.2.0)
  - SwiftyBeaver (1.7.0)

DEPENDENCIES:
  - Aardvark
  - AttributedStringBuilder
  - NotificationBannerSwift
  - PureLayout
  - R.swift
  - RealmSwift
  - Reusable
  - SkeletonView
  - SwiftyBeaver

SPEC REPOS:
  https://github.com/cocoapods/specs.git:
    - Aardvark
    - AttributedStringBuilder
    - CoreAardvark
    - MarqueeLabel
    - NotificationBannerSwift
    - PureLayout
    - R.swift
    - R.swift.Library
    - Realm
    - RealmSwift
    - Reusable
    - SkeletonView
    - SnapKit
    - SwiftyBeaver

SPEC CHECKSUMS:
  Aardvark: 5f21b5bdacbcd70507fc8855d18db0464440ca93
  AttributedStringBuilder: 974bb0a88ec8fa5f33fc9861ad13815451ebf651
  CoreAardvark: c7d15935caf9285c4d48b3f5ddc3c1cb82c19718
  MarqueeLabel: 2daf039bf916937c8a4c9adfc13577cc5e51b4ce
  NotificationBannerSwift: 4483919639202bec56d6bfe8f106ebc352d38bc7
  PureLayout: f08c01b8dec00bb14a1fefa3de4c7d9c265df85e
  R.swift: f5a87643b91ea569d23d6afb3eee9c743edde239
  R.swift.Library: cfe85d569d9bae6cb262922db130e7c3a7a5fad1
  Realm: b30db41ff34fc858ffc25ba8d44a82c164e7ccd0
  RealmSwift: fe733e459d60dc7b6971d4cbee2eb4854097d12c
  Reusable: 82be188f29d96dc5eff0db7b2393bcc08d2cdd5b
  SkeletonView: 7d7378731b708f8a6e6b1ffefb68cc3903f10a03
  SnapKit: fe8a619752f3f27075cc9a90244d75c6c3f27e2a
  SwiftyBeaver: 4cc0080d2e23f980652e28978db11a5c9da39165

PODFILE CHECKSUM: 97a6106049cd308967ba4e1c404ae2dab0e48b5a

COCOAPODS: 1.5.3
